
Microsoft Visual Studio Solution File, Format Version 12.00
# Visual Studio 15
VisualStudioVersion = 15.0.26430.4
MinimumVisualStudioVersion = 10.0.40219.1
Project("{9A19103F-16F7-4668-BE54-9A1E7A4F7556}") = "AsyncConverter", "AsyncConverter\AsyncConverter.csproj", "{2B4D3E14-B056-432E-B04C-C1DE571FD641}"
EndProject
Project("{9A19103F-16F7-4668-BE54-9A1E7A4F7556}") = "AsyncConverter.Tests", "AsyncConverter.Tests\AsyncConverter.Tests.csproj", "{193B6233-6169-4403-AADD-624EDBF833AD}"
EndProject
Project("{9A19103F-16F7-4668-BE54-9A1E7A4F7556}") = "AsyncConverter.Rider", "AsyncConverter\AsyncConverter.Rider.csproj", "{1F24961F-B9E9-46C0-B067-6BD5124E01B4}"
EndProject
Global
	GlobalSection(SolutionConfigurationPlatforms) = preSolution
		Debug|Any CPU = Debug|Any CPU
		Release|Any CPU = Release|Any CPU
	EndGlobalSection
	GlobalSection(ProjectConfigurationPlatforms) = postSolution
		{2B4D3E14-B056-432E-B04C-C1DE571FD641}.Debug|Any CPU.ActiveCfg = Debug|Any CPU
		{2B4D3E14-B056-432E-B04C-C1DE571FD641}.Debug|Any CPU.Build.0 = Debug|Any CPU
		{2B4D3E14-B056-432E-B04C-C1DE571FD641}.Release|Any CPU.ActiveCfg = Release|Any CPU
		{2B4D3E14-B056-432E-B04C-C1DE571FD641}.Release|Any CPU.Build.0 = Release|Any CPU
		{193B6233-6169-4403-AADD-624EDBF833AD}.Debug|Any CPU.ActiveCfg = Debug|Any CPU
		{193B6233-6169-4403-AADD-624EDBF833AD}.Debug|Any CPU.Build.0 = Debug|Any CPU
		{193B6233-6169-4403-AADD-624EDBF833AD}.Release|Any CPU.ActiveCfg = Release|Any CPU
		{193B6233-6169-4403-AADD-624EDBF833AD}.Release|Any CPU.Build.0 = Release|Any CPU
		{1F24961F-B9E9-46C0-B067-6BD5124E01B4}.Debug|Any CPU.ActiveCfg = Debug|Any CPU
		{1F24961F-B9E9-46C0-B067-6BD5124E01B4}.Debug|Any CPU.Build.0 = Debug|Any CPU
		{1F24961F-B9E9-46C0-B067-6BD5124E01B4}.Release|Any CPU.ActiveCfg = Release|Any CPU
		{1F24961F-B9E9-46C0-B067-6BD5124E01B4}.Release|Any CPU.Build.0 = Release|Any CPU
	EndGlobalSection
	GlobalSection(SolutionProperties) = preSolution
		HideSolutionNode = FALSE
	EndGlobalSection
EndGlobal
